// !$*UTF8*$!
{
	archiveVersion = 1;
	classes = {
	};
	objectVersion = 56;
	objects = {

/* Begin PBXBuildFile section */
		BF5872952ADBA7C900C00F66 /* AppDelegate.swift in Sources */ = {isa = PBXBuildFile; fileRef = BF5872942ADBA7C900C00F66 /* AppDelegate.swift */; };
		BF5872972ADBA7C900C00F66 /* SceneDelegate.swift in Sources */ = {isa = PBXBuildFile; fileRef = BF5872962ADBA7C900C00F66 /* SceneDelegate.swift */; };
		BF5872992ADBA7C900C00F66 /* MainViewController.swift in Sources */ = {isa = PBXBuildFile; fileRef = BF5872982ADBA7C900C00F66 /* MainViewController.swift */; };
		BF58729E2ADBA7CA00C00F66 /* Assets.xcassets in Resources */ = {isa = PBXBuildFile; fileRef = BF58729D2ADBA7CA00C00F66 /* Assets.xcassets */; };
		BF5872A12ADBA7CA00C00F66 /* LaunchScreen.storyboard in Resources */ = {isa = PBXBuildFile; fileRef = BF58729F2ADBA7CA00C00F66 /* LaunchScreen.storyboard */; };
		BF5872AF2ADBA87200C00F66 /* KeyboardViewController.swift in Sources */ = {isa = PBXBuildFile; fileRef = BF5872AE2ADBA87200C00F66 /* KeyboardViewController.swift */; };
		BF5872B32ADBA87200C00F66 /* Keyboard.appex in Embed Foundation Extensions */ = {isa = PBXBuildFile; fileRef = BF5872AC2ADBA87200C00F66 /* Keyboard.appex */; settings = {ATTRIBUTES = (RemoveHeadersOnCopy, ); }; };
		BF5872BA2ADD138A00C00F66 /* GundyKeyboardView.xib in Resources */ = {isa = PBXBuildFile; fileRef = BF5872B92ADD138A00C00F66 /* GundyKeyboardView.xib */; };
		BF5872BC2ADD140900C00F66 /* KeyButton.swift in Sources */ = {isa = PBXBuildFile; fileRef = BF5872BB2ADD140900C00F66 /* KeyButton.swift */; };
		BF5872BE2ADD23CC00C00F66 /* GundyKeyboardView.swift in Sources */ = {isa = PBXBuildFile; fileRef = BF5872BD2ADD23CC00C00F66 /* GundyKeyboardView.swift */; };
		BF5872C02ADD252800C00F66 /* GundyKeyboardViewDelegate.swift in Sources */ = {isa = PBXBuildFile; fileRef = BF5872BF2ADD252800C00F66 /* GundyKeyboardViewDelegate.swift */; };
		BF5872C22ADFA48600C00F66 /* KoreanType.swift in Sources */ = {isa = PBXBuildFile; fileRef = BF5872C12ADFA48600C00F66 /* KoreanType.swift */; };
		BF5872C42ADFDD3B00C00F66 /* String+.swift in Sources */ = {isa = PBXBuildFile; fileRef = BF5872C32ADFDD3B00C00F66 /* String+.swift */; };
		BF6081712AE6EFC6005C0C69 /* UIDevice+.swift in Sources */ = {isa = PBXBuildFile; fileRef = BF6081702AE6EFC6005C0C69 /* UIDevice+.swift */; };
		BFA275402AF375F900A3ACFA /* InformationViewController.swift in Sources */ = {isa = PBXBuildFile; fileRef = BFA2753F2AF375F900A3ACFA /* InformationViewController.swift */; };
		BFA275422AF37CA500A3ACFA /* InformationCell.swift in Sources */ = {isa = PBXBuildFile; fileRef = BFA275412AF37CA500A3ACFA /* InformationCell.swift */; };
		BFA275442AF387B900A3ACFA /* PracticeViewController.swift in Sources */ = {isa = PBXBuildFile; fileRef = BFA275432AF387B900A3ACFA /* PracticeViewController.swift */; };
		BFA7083B2B309900000497B4 /* Int+.swift in Sources */ = {isa = PBXBuildFile; fileRef = BFA7083A2B309900000497B4 /* Int+.swift */; };
		BFA7083C2B309B99000497B4 /* Int+.swift in Sources */ = {isa = PBXBuildFile; fileRef = BFA7083A2B309900000497B4 /* Int+.swift */; };
		BFC8C58F2AE8E50D0084E61B /* String+.swift in Sources */ = {isa = PBXBuildFile; fileRef = BF5872C32ADFDD3B00C00F66 /* String+.swift */; };
		BFC8C5902AE8E5100084E61B /* UIDevice+.swift in Sources */ = {isa = PBXBuildFile; fileRef = BF6081702AE6EFC6005C0C69 /* UIDevice+.swift */; };
		BFC8C5912AE8E5120084E61B /* KoreanType.swift in Sources */ = {isa = PBXBuildFile; fileRef = BF5872C12ADFA48600C00F66 /* KoreanType.swift */; };
		BFC8C5922AE8E51D0084E61B /* GundyKeyboardView.xib in Resources */ = {isa = PBXBuildFile; fileRef = BF5872B92ADD138A00C00F66 /* GundyKeyboardView.xib */; };
		BFC8C5932AE8E5230084E61B /* GundyKeyboardView.swift in Sources */ = {isa = PBXBuildFile; fileRef = BF5872BD2ADD23CC00C00F66 /* GundyKeyboardView.swift */; };
		BFC8C5942AE8E5230084E61B /* KeyButton.swift in Sources */ = {isa = PBXBuildFile; fileRef = BF5872BB2ADD140900C00F66 /* KeyButton.swift */; };
		BFC8C5952AE8E5230084E61B /* GundyKeyboardViewDelegate.swift in Sources */ = {isa = PBXBuildFile; fileRef = BF5872BF2ADD252800C00F66 /* GundyKeyboardViewDelegate.swift */; };
		BFC8C5962AE935660084E61B /* Assets.xcassets in Resources */ = {isa = PBXBuildFile; fileRef = BF58729D2ADBA7CA00C00F66 /* Assets.xcassets */; };
		BFC8C5982AEA08BF0084E61B /* KeyboardSettingViewController.swift in Sources */ = {isa = PBXBuildFile; fileRef = BFC8C5972AEA08BF0084E61B /* KeyboardSettingViewController.swift */; };
		BFC8C59A2AEA4B570084E61B /* ShortcutViewController.swift in Sources */ = {isa = PBXBuildFile; fileRef = BFC8C5992AEA4B570084E61B /* ShortcutViewController.swift */; };
		BFC8C5A02AEA568D0084E61B /* ShortcutCell.swift in Sources */ = {isa = PBXBuildFile; fileRef = BFC8C59F2AEA568D0084E61B /* ShortcutCell.swift */; };
/* End PBXBuildFile section */

/* Begin PBXContainerItemProxy section */
		BF5872B12ADBA87200C00F66 /* PBXContainerItemProxy */ = {
			isa = PBXContainerItemProxy;
			containerPortal = BF5872892ADBA7C900C00F66 /* Project object */;
			proxyType = 1;
			remoteGlobalIDString = BF5872AB2ADBA87200C00F66;
			remoteInfo = Keyboard;
		};
/* End PBXContainerItemProxy section */

/* Begin PBXCopyFilesBuildPhase section */
		BF5872B72ADBA87200C00F66 /* Embed Foundation Extensions */ = {
			isa = PBXCopyFilesBuildPhase;
			buildActionMask = 2147483647;
			dstPath = "";
			dstSubfolderSpec = 13;
			files = (
				BF5872B32ADBA87200C00F66 /* Keyboard.appex in Embed Foundation Extensions */,
			);
			name = "Embed Foundation Extensions";
			runOnlyForDeploymentPostprocessing = 0;
		};
/* End PBXCopyFilesBuildPhase section */

/* Begin PBXFileReference section */
		BF5872912ADBA7C900C00F66 /* GundyCustom.app */ = {isa = PBXFileReference; explicitFileType = wrapper.application; includeInIndex = 0; path = GundyCustom.app; sourceTree = BUILT_PRODUCTS_DIR; };
		BF5872942ADBA7C900C00F66 /* AppDelegate.swift */ = {isa = PBXFileReference; lastKnownFileType = sourcecode.swift; path = AppDelegate.swift; sourceTree = "<group>"; };
		BF5872962ADBA7C900C00F66 /* SceneDelegate.swift */ = {isa = PBXFileReference; lastKnownFileType = sourcecode.swift; path = SceneDelegate.swift; sourceTree = "<group>"; };
		BF5872982ADBA7C900C00F66 /* MainViewController.swift */ = {isa = PBXFileReference; lastKnownFileType = sourcecode.swift; path = MainViewController.swift; sourceTree = "<group>"; };
		BF58729D2ADBA7CA00C00F66 /* Assets.xcassets */ = {isa = PBXFileReference; lastKnownFileType = folder.assetcatalog; path = Assets.xcassets; sourceTree = "<group>"; };
		BF5872A02ADBA7CA00C00F66 /* Base */ = {isa = PBXFileReference; lastKnownFileType = file.storyboard; name = Base; path = Base.lproj/LaunchScreen.storyboard; sourceTree = "<group>"; };
		BF5872A22ADBA7CA00C00F66 /* Info.plist */ = {isa = PBXFileReference; lastKnownFileType = text.plist.xml; path = Info.plist; sourceTree = "<group>"; };
		BF5872AC2ADBA87200C00F66 /* Keyboard.appex */ = {isa = PBXFileReference; explicitFileType = "wrapper.app-extension"; includeInIndex = 0; path = Keyboard.appex; sourceTree = BUILT_PRODUCTS_DIR; };
		BF5872AE2ADBA87200C00F66 /* KeyboardViewController.swift */ = {isa = PBXFileReference; lastKnownFileType = sourcecode.swift; path = KeyboardViewController.swift; sourceTree = "<group>"; };
		BF5872B02ADBA87200C00F66 /* Info.plist */ = {isa = PBXFileReference; lastKnownFileType = text.plist.xml; path = Info.plist; sourceTree = "<group>"; };
		BF5872B92ADD138A00C00F66 /* GundyKeyboardView.xib */ = {isa = PBXFileReference; fileEncoding = 4; lastKnownFileType = file.xib; path = GundyKeyboardView.xib; sourceTree = "<group>"; };
		BF5872BB2ADD140900C00F66 /* KeyButton.swift */ = {isa = PBXFileReference; lastKnownFileType = sourcecode.swift; path = KeyButton.swift; sourceTree = "<group>"; };
		BF5872BD2ADD23CC00C00F66 /* GundyKeyboardView.swift */ = {isa = PBXFileReference; lastKnownFileType = sourcecode.swift; path = GundyKeyboardView.swift; sourceTree = "<group>"; };
		BF5872BF2ADD252800C00F66 /* GundyKeyboardViewDelegate.swift */ = {isa = PBXFileReference; lastKnownFileType = sourcecode.swift; path = GundyKeyboardViewDelegate.swift; sourceTree = "<group>"; };
		BF5872C12ADFA48600C00F66 /* KoreanType.swift */ = {isa = PBXFileReference; lastKnownFileType = sourcecode.swift; path = KoreanType.swift; sourceTree = "<group>"; };
		BF5872C32ADFDD3B00C00F66 /* String+.swift */ = {isa = PBXFileReference; lastKnownFileType = sourcecode.swift; path = "String+.swift"; sourceTree = "<group>"; };
		BF6081702AE6EFC6005C0C69 /* UIDevice+.swift */ = {isa = PBXFileReference; lastKnownFileType = sourcecode.swift; path = "UIDevice+.swift"; sourceTree = "<group>"; };
		BFA2753F2AF375F900A3ACFA /* InformationViewController.swift */ = {isa = PBXFileReference; lastKnownFileType = sourcecode.swift; path = InformationViewController.swift; sourceTree = "<group>"; };
		BFA275412AF37CA500A3ACFA /* InformationCell.swift */ = {isa = PBXFileReference; lastKnownFileType = sourcecode.swift; path = InformationCell.swift; sourceTree = "<group>"; };
		BFA275432AF387B900A3ACFA /* PracticeViewController.swift */ = {isa = PBXFileReference; lastKnownFileType = sourcecode.swift; path = PracticeViewController.swift; sourceTree = "<group>"; };
		BFA7083A2B309900000497B4 /* Int+.swift */ = {isa = PBXFileReference; lastKnownFileType = sourcecode.swift; path = "Int+.swift"; sourceTree = "<group>"; };
		BFC8C5972AEA08BF0084E61B /* KeyboardSettingViewController.swift */ = {isa = PBXFileReference; lastKnownFileType = sourcecode.swift; path = KeyboardSettingViewController.swift; sourceTree = "<group>"; };
		BFC8C5992AEA4B570084E61B /* ShortcutViewController.swift */ = {isa = PBXFileReference; lastKnownFileType = sourcecode.swift; path = ShortcutViewController.swift; sourceTree = "<group>"; };
		BFC8C59F2AEA568D0084E61B /* ShortcutCell.swift */ = {isa = PBXFileReference; lastKnownFileType = sourcecode.swift; path = ShortcutCell.swift; sourceTree = "<group>"; };
/* End PBXFileReference section */

/* Begin PBXFrameworksBuildPhase section */
		BF58728E2ADBA7C900C00F66 /* Frameworks */ = {
			isa = PBXFrameworksBuildPhase;
			buildActionMask = 2147483647;
			files = (
			);
			runOnlyForDeploymentPostprocessing = 0;
		};
		BF5872A92ADBA87200C00F66 /* Frameworks */ = {
			isa = PBXFrameworksBuildPhase;
			buildActionMask = 2147483647;
			files = (
			);
			runOnlyForDeploymentPostprocessing = 0;
		};
/* End PBXFrameworksBuildPhase section */

/* Begin PBXGroup section */
		BF5872882ADBA7C900C00F66 = {
			isa = PBXGroup;
			children = (
				BF5872932ADBA7C900C00F66 /* GundyCustom */,
				BF5872AD2ADBA87200C00F66 /* Keyboard */,
				BF5872922ADBA7C900C00F66 /* Products */,
			);
			sourceTree = "<group>";
		};
		BF5872922ADBA7C900C00F66 /* Products */ = {
			isa = PBXGroup;
			children = (
				BF5872912ADBA7C900C00F66 /* GundyCustom.app */,
				BF5872AC2ADBA87200C00F66 /* Keyboard.appex */,
			);
			name = Products;
			sourceTree = "<group>";
		};
		BF5872932ADBA7C900C00F66 /* GundyCustom */ = {
			isa = PBXGroup;
			children = (
				BF5872942ADBA7C900C00F66 /* AppDelegate.swift */,
				BF5872962ADBA7C900C00F66 /* SceneDelegate.swift */,
				BFA7083A2B309900000497B4 /* Int+.swift */,
				BF5872C32ADFDD3B00C00F66 /* String+.swift */,
				BF6081702AE6EFC6005C0C69 /* UIDevice+.swift */,
				BF5872C12ADFA48600C00F66 /* KoreanType.swift */,
				BF5872B82ADD133400C00F66 /* KeyboardView */,
				BF5872982ADBA7C900C00F66 /* MainViewController.swift */,
				BFC8C5972AEA08BF0084E61B /* KeyboardSettingViewController.swift */,
				BFA2753F2AF375F900A3ACFA /* InformationViewController.swift */,
				BFA275412AF37CA500A3ACFA /* InformationCell.swift */,
				BFC8C5992AEA4B570084E61B /* ShortcutViewController.swift */,
				BFC8C59F2AEA568D0084E61B /* ShortcutCell.swift */,
				BFA275432AF387B900A3ACFA /* PracticeViewController.swift */,
				BF58729D2ADBA7CA00C00F66 /* Assets.xcassets */,
				BF58729F2ADBA7CA00C00F66 /* LaunchScreen.storyboard */,
				BF5872A22ADBA7CA00C00F66 /* Info.plist */,
			);
			path = GundyCustom;
			sourceTree = "<group>";
		};
		BF5872AD2ADBA87200C00F66 /* Keyboard */ = {
			isa = PBXGroup;
			children = (
				BF5872AE2ADBA87200C00F66 /* KeyboardViewController.swift */,
				BF5872B02ADBA87200C00F66 /* Info.plist */,
			);
			path = Keyboard;
			sourceTree = "<group>";
		};
		BF5872B82ADD133400C00F66 /* KeyboardView */ = {
			isa = PBXGroup;
			children = (
				BF5872B92ADD138A00C00F66 /* GundyKeyboardView.xib */,
				BF5872BD2ADD23CC00C00F66 /* GundyKeyboardView.swift */,
				BF5872BF2ADD252800C00F66 /* GundyKeyboardViewDelegate.swift */,
				BF5872BB2ADD140900C00F66 /* KeyButton.swift */,
			);
			path = KeyboardView;
			sourceTree = "<group>";
		};
/* End PBXGroup section */

/* Begin PBXNativeTarget section */
		BF5872902ADBA7C900C00F66 /* GundyCustom */ = {
			isa = PBXNativeTarget;
			buildConfigurationList = BF5872A52ADBA7CA00C00F66 /* Build configuration list for PBXNativeTarget "GundyCustom" */;
			buildPhases = (
				BF58728D2ADBA7C900C00F66 /* Sources */,
				BF58728E2ADBA7C900C00F66 /* Frameworks */,
				BF58728F2ADBA7C900C00F66 /* Resources */,
				BF5872B72ADBA87200C00F66 /* Embed Foundation Extensions */,
			);
			buildRules = (
			);
			dependencies = (
				BF5872B22ADBA87200C00F66 /* PBXTargetDependency */,
			);
			name = GundyCustom;
			productName = GundyCustom;
			productReference = BF5872912ADBA7C900C00F66 /* GundyCustom.app */;
			productType = "com.apple.product-type.application";
		};
		BF5872AB2ADBA87200C00F66 /* Keyboard */ = {
			isa = PBXNativeTarget;
			buildConfigurationList = BF5872B42ADBA87200C00F66 /* Build configuration list for PBXNativeTarget "Keyboard" */;
			buildPhases = (
				BF5872A82ADBA87200C00F66 /* Sources */,
				BF5872A92ADBA87200C00F66 /* Frameworks */,
				BF5872AA2ADBA87200C00F66 /* Resources */,
			);
			buildRules = (
			);
			dependencies = (
			);
			name = Keyboard;
			productName = Keyboard;
			productReference = BF5872AC2ADBA87200C00F66 /* Keyboard.appex */;
			productType = "com.apple.product-type.app-extension";
		};
/* End PBXNativeTarget section */

/* Begin PBXProject section */
		BF5872892ADBA7C900C00F66 /* Project object */ = {
			isa = PBXProject;
			attributes = {
				BuildIndependentTargetsInParallel = 1;
				LastSwiftUpdateCheck = 1500;
				LastUpgradeCheck = 1500;
				TargetAttributes = {
					BF5872902ADBA7C900C00F66 = {
						CreatedOnToolsVersion = 15.0;
					};
					BF5872AB2ADBA87200C00F66 = {
						CreatedOnToolsVersion = 15.0;
					};
				};
			};
			buildConfigurationList = BF58728C2ADBA7C900C00F66 /* Build configuration list for PBXProject "GundyCustom" */;
			compatibilityVersion = "Xcode 14.0";
			developmentRegion = en;
			hasScannedForEncodings = 0;
			knownRegions = (
				en,
				Base,
			);
			mainGroup = BF5872882ADBA7C900C00F66;
			productRefGroup = BF5872922ADBA7C900C00F66 /* Products */;
			projectDirPath = "";
			projectRoot = "";
			targets = (
				BF5872902ADBA7C900C00F66 /* GundyCustom */,
				BF5872AB2ADBA87200C00F66 /* Keyboard */,
			);
		};
/* End PBXProject section */

/* Begin PBXResourcesBuildPhase section */
		BF58728F2ADBA7C900C00F66 /* Resources */ = {
			isa = PBXResourcesBuildPhase;
			buildActionMask = 2147483647;
			files = (
				BF5872A12ADBA7CA00C00F66 /* LaunchScreen.storyboard in Resources */,
				BF5872BA2ADD138A00C00F66 /* GundyKeyboardView.xib in Resources */,
				BF58729E2ADBA7CA00C00F66 /* Assets.xcassets in Resources */,
			);
			runOnlyForDeploymentPostprocessing = 0;
		};
		BF5872AA2ADBA87200C00F66 /* Resources */ = {
			isa = PBXResourcesBuildPhase;
			buildActionMask = 2147483647;
			files = (
				BFC8C5962AE935660084E61B /* Assets.xcassets in Resources */,
				BFC8C5922AE8E51D0084E61B /* GundyKeyboardView.xib in Resources */,
			);
			runOnlyForDeploymentPostprocessing = 0;
		};
/* End PBXResourcesBuildPhase section */

/* Begin PBXSourcesBuildPhase section */
		BF58728D2ADBA7C900C00F66 /* Sources */ = {
			isa = PBXSourcesBuildPhase;
			buildActionMask = 2147483647;
			files = (
				BFA275402AF375F900A3ACFA /* InformationViewController.swift in Sources */,
				BF5872BE2ADD23CC00C00F66 /* GundyKeyboardView.swift in Sources */,
				BFA275422AF37CA500A3ACFA /* InformationCell.swift in Sources */,
				BFA275442AF387B900A3ACFA /* PracticeViewController.swift in Sources */,
				BF6081712AE6EFC6005C0C69 /* UIDevice+.swift in Sources */,
				BF5872C22ADFA48600C00F66 /* KoreanType.swift in Sources */,
				BFC8C5982AEA08BF0084E61B /* KeyboardSettingViewController.swift in Sources */,
				BF5872C42ADFDD3B00C00F66 /* String+.swift in Sources */,
				BFC8C5A02AEA568D0084E61B /* ShortcutCell.swift in Sources */,
				BF5872992ADBA7C900C00F66 /* MainViewController.swift in Sources */,
				BF5872C02ADD252800C00F66 /* GundyKeyboardViewDelegate.swift in Sources */,
				BFA7083B2B309900000497B4 /* Int+.swift in Sources */,
				BF5872952ADBA7C900C00F66 /* AppDelegate.swift in Sources */,
				BF5872972ADBA7C900C00F66 /* SceneDelegate.swift in Sources */,
				BFC8C59A2AEA4B570084E61B /* ShortcutViewController.swift in Sources */,
				BF5872BC2ADD140900C00F66 /* KeyButton.swift in Sources */,
			);
			runOnlyForDeploymentPostprocessing = 0;
		};
		BF5872A82ADBA87200C00F66 /* Sources */ = {
			isa = PBXSourcesBuildPhase;
			buildActionMask = 2147483647;
			files = (
				BFC8C5932AE8E5230084E61B /* GundyKeyboardView.swift in Sources */,
				BFC8C58F2AE8E50D0084E61B /* String+.swift in Sources */,
				BFC8C5912AE8E5120084E61B /* KoreanType.swift in Sources */,
				BFA7083C2B309B99000497B4 /* Int+.swift in Sources */,
				BFC8C5952AE8E5230084E61B /* GundyKeyboardViewDelegate.swift in Sources */,
				BFC8C5942AE8E5230084E61B /* KeyButton.swift in Sources */,
				BFC8C5902AE8E5100084E61B /* UIDevice+.swift in Sources */,
				BF5872AF2ADBA87200C00F66 /* KeyboardViewController.swift in Sources */,
			);
			runOnlyForDeploymentPostprocessing = 0;
		};
/* End PBXSourcesBuildPhase section */

/* Begin PBXTargetDependency section */
		BF5872B22ADBA87200C00F66 /* PBXTargetDependency */ = {
			isa = PBXTargetDependency;
			target = BF5872AB2ADBA87200C00F66 /* Keyboard */;
			targetProxy = BF5872B12ADBA87200C00F66 /* PBXContainerItemProxy */;
		};
/* End PBXTargetDependency section */

/* Begin PBXVariantGroup section */
		BF58729F2ADBA7CA00C00F66 /* LaunchScreen.storyboard */ = {
			isa = PBXVariantGroup;
			children = (
				BF5872A02ADBA7CA00C00F66 /* Base */,
			);
			name = LaunchScreen.storyboard;
			sourceTree = "<group>";
		};
/* End PBXVariantGroup section */

/* Begin XCBuildConfiguration section */
		BF5872A32ADBA7CA00C00F66 /* Debug */ = {
			isa = XCBuildConfiguration;
			buildSettings = {
				ALWAYS_SEARCH_USER_PATHS = NO;
				ASSETCATALOG_COMPILER_GENERATE_SWIFT_ASSET_SYMBOL_EXTENSIONS = YES;
				CLANG_ANALYZER_NONNULL = YES;
				CLANG_ANALYZER_NUMBER_OBJECT_CONVERSION = YES_AGGRESSIVE;
				CLANG_CXX_LANGUAGE_STANDARD = "gnu++20";
				CLANG_ENABLE_MODULES = YES;
				CLANG_ENABLE_OBJC_ARC = YES;
				CLANG_ENABLE_OBJC_WEAK = YES;
				CLANG_WARN_BLOCK_CAPTURE_AUTORELEASING = YES;
				CLANG_WARN_BOOL_CONVERSION = YES;
				CLANG_WARN_COMMA = YES;
				CLANG_WARN_CONSTANT_CONVERSION = YES;
				CLANG_WARN_DEPRECATED_OBJC_IMPLEMENTATIONS = YES;
				CLANG_WARN_DIRECT_OBJC_ISA_USAGE = YES_ERROR;
				CLANG_WARN_DOCUMENTATION_COMMENTS = YES;
				CLANG_WARN_EMPTY_BODY = YES;
				CLANG_WARN_ENUM_CONVERSION = YES;
				CLANG_WARN_INFINITE_RECURSION = YES;
				CLANG_WARN_INT_CONVERSION = YES;
				CLANG_WARN_NON_LITERAL_NULL_CONVERSION = YES;
				CLANG_WARN_OBJC_IMPLICIT_RETAIN_SELF = YES;
				CLANG_WARN_OBJC_LITERAL_CONVERSION = YES;
				CLANG_WARN_OBJC_ROOT_CLASS = YES_ERROR;
				CLANG_WARN_QUOTED_INCLUDE_IN_FRAMEWORK_HEADER = YES;
				CLANG_WARN_RANGE_LOOP_ANALYSIS = YES;
				CLANG_WARN_STRICT_PROTOTYPES = YES;
				CLANG_WARN_SUSPICIOUS_MOVE = YES;
				CLANG_WARN_UNGUARDED_AVAILABILITY = YES_AGGRESSIVE;
				CLANG_WARN_UNREACHABLE_CODE = YES;
				CLANG_WARN__DUPLICATE_METHOD_MATCH = YES;
				COPY_PHASE_STRIP = NO;
				DEBUG_INFORMATION_FORMAT = dwarf;
				ENABLE_STRICT_OBJC_MSGSEND = YES;
				ENABLE_TESTABILITY = YES;
				ENABLE_USER_SCRIPT_SANDBOXING = YES;
				GCC_C_LANGUAGE_STANDARD = gnu17;
				GCC_DYNAMIC_NO_PIC = NO;
				GCC_NO_COMMON_BLOCKS = YES;
				GCC_OPTIMIZATION_LEVEL = 0;
				GCC_PREPROCESSOR_DEFINITIONS = (
					"DEBUG=1",
					"$(inherited)",
				);
				GCC_WARN_64_TO_32_BIT_CONVERSION = YES;
				GCC_WARN_ABOUT_RETURN_TYPE = YES_ERROR;
				GCC_WARN_UNDECLARED_SELECTOR = YES;
				GCC_WARN_UNINITIALIZED_AUTOS = YES_AGGRESSIVE;
				GCC_WARN_UNUSED_FUNCTION = YES;
				GCC_WARN_UNUSED_VARIABLE = YES;
				INFOPLIST_KEY_CFBundleDisplayName = "건디키";
				IPHONEOS_DEPLOYMENT_TARGET = 15.0;
				LOCALIZATION_PREFERS_STRING_CATALOGS = YES;
				MTL_ENABLE_DEBUG_INFO = INCLUDE_SOURCE;
				MTL_FAST_MATH = YES;
				ONLY_ACTIVE_ARCH = YES;
				SDKROOT = iphoneos;
				SWIFT_ACTIVE_COMPILATION_CONDITIONS = "DEBUG $(inherited)";
				SWIFT_OPTIMIZATION_LEVEL = "-Onone";
			};
			name = Debug;
		};
		BF5872A42ADBA7CA00C00F66 /* Release */ = {
			isa = XCBuildConfiguration;
			buildSettings = {
				ALWAYS_SEARCH_USER_PATHS = NO;
				ASSETCATALOG_COMPILER_GENERATE_SWIFT_ASSET_SYMBOL_EXTENSIONS = YES;
				CLANG_ANALYZER_NONNULL = YES;
				CLANG_ANALYZER_NUMBER_OBJECT_CONVERSION = YES_AGGRESSIVE;
				CLANG_CXX_LANGUAGE_STANDARD = "gnu++20";
				CLANG_ENABLE_MODULES = YES;
				CLANG_ENABLE_OBJC_ARC = YES;
				CLANG_ENABLE_OBJC_WEAK = YES;
				CLANG_WARN_BLOCK_CAPTURE_AUTORELEASING = YES;
				CLANG_WARN_BOOL_CONVERSION = YES;
				CLANG_WARN_COMMA = YES;
				CLANG_WARN_CONSTANT_CONVERSION = YES;
				CLANG_WARN_DEPRECATED_OBJC_IMPLEMENTATIONS = YES;
				CLANG_WARN_DIRECT_OBJC_ISA_USAGE = YES_ERROR;
				CLANG_WARN_DOCUMENTATION_COMMENTS = YES;
				CLANG_WARN_EMPTY_BODY = YES;
				CLANG_WARN_ENUM_CONVERSION = YES;
				CLANG_WARN_INFINITE_RECURSION = YES;
				CLANG_WARN_INT_CONVERSION = YES;
				CLANG_WARN_NON_LITERAL_NULL_CONVERSION = YES;
				CLANG_WARN_OBJC_IMPLICIT_RETAIN_SELF = YES;
				CLANG_WARN_OBJC_LITERAL_CONVERSION = YES;
				CLANG_WARN_OBJC_ROOT_CLASS = YES_ERROR;
				CLANG_WARN_QUOTED_INCLUDE_IN_FRAMEWORK_HEADER = YES;
				CLANG_WARN_RANGE_LOOP_ANALYSIS = YES;
				CLANG_WARN_STRICT_PROTOTYPES = YES;
				CLANG_WARN_SUSPICIOUS_MOVE = YES;
				CLANG_WARN_UNGUARDED_AVAILABILITY = YES_AGGRESSIVE;
				CLANG_WARN_UNREACHABLE_CODE = YES;
				CLANG_WARN__DUPLICATE_METHOD_MATCH = YES;
				COPY_PHASE_STRIP = NO;
				DEBUG_INFORMATION_FORMAT = "dwarf-with-dsym";
				ENABLE_NS_ASSERTIONS = NO;
				ENABLE_STRICT_OBJC_MSGSEND = YES;
				ENABLE_USER_SCRIPT_SANDBOXING = YES;
				GCC_C_LANGUAGE_STANDARD = gnu17;
				GCC_NO_COMMON_BLOCKS = YES;
				GCC_WARN_64_TO_32_BIT_CONVERSION = YES;
				GCC_WARN_ABOUT_RETURN_TYPE = YES_ERROR;
				GCC_WARN_UNDECLARED_SELECTOR = YES;
				GCC_WARN_UNINITIALIZED_AUTOS = YES_AGGRESSIVE;
				GCC_WARN_UNUSED_FUNCTION = YES;
				GCC_WARN_UNUSED_VARIABLE = YES;
				INFOPLIST_KEY_CFBundleDisplayName = "건디키";
				IPHONEOS_DEPLOYMENT_TARGET = 15.0;
				LOCALIZATION_PREFERS_STRING_CATALOGS = YES;
				MTL_ENABLE_DEBUG_INFO = NO;
				MTL_FAST_MATH = YES;
				SDKROOT = iphoneos;
				SWIFT_COMPILATION_MODE = wholemodule;
				VALIDATE_PRODUCT = YES;
			};
			name = Release;
		};
		BF5872A62ADBA7CA00C00F66 /* Debug */ = {
			isa = XCBuildConfiguration;
			buildSettings = {
				ALWAYS_EMBED_SWIFT_STANDARD_LIBRARIES = YES;
				ASSETCATALOG_COMPILER_APPICON_NAME = AppIcon;
				ASSETCATALOG_COMPILER_GLOBAL_ACCENT_COLOR_NAME = AccentColor;
				CODE_SIGN_STYLE = Automatic;
				CURRENT_PROJECT_VERSION = 2;
				DEVELOPMENT_TEAM = RKG4N9K9YM;
				GENERATE_INFOPLIST_FILE = YES;
				INFOPLIST_FILE = GundyCustom/Info.plist;
				INFOPLIST_KEY_UIApplicationSupportsIndirectInputEvents = YES;
				INFOPLIST_KEY_UILaunchStoryboardName = LaunchScreen;
				INFOPLIST_KEY_UISupportedInterfaceOrientations_iPad = "UIInterfaceOrientationPortrait UIInterfaceOrientationPortraitUpsideDown UIInterfaceOrientationLandscapeLeft UIInterfaceOrientationLandscapeRight";
				INFOPLIST_KEY_UISupportedInterfaceOrientations_iPhone = "UIInterfaceOrientationPortrait UIInterfaceOrientationLandscapeLeft UIInterfaceOrientationLandscapeRight";
				IPHONEOS_DEPLOYMENT_TARGET = 15.0;
				LD_RUNPATH_SEARCH_PATHS = (
					"$(inherited)",
					"@executable_path/Frameworks",
				);
				MARKETING_VERSION = 1.0;
				PRODUCT_BUNDLE_IDENTIFIER = com.Gundy.GundyCustom;
				PRODUCT_NAME = "$(TARGET_NAME)";
				SUPPORTED_PLATFORMS = "iphoneos iphonesimulator";
				SUPPORTS_MACCATALYST = NO;
				SUPPORTS_MAC_DESIGNED_FOR_IPHONE_IPAD = NO;
				SWIFT_EMIT_LOC_STRINGS = YES;
				SWIFT_VERSION = 5.0;
				TARGETED_DEVICE_FAMILY = 1;
			};
			name = Debug;
		};
		BF5872A72ADBA7CA00C00F66 /* Release */ = {
			isa = XCBuildConfiguration;
			buildSettings = {
				ALWAYS_EMBED_SWIFT_STANDARD_LIBRARIES = YES;
				ASSETCATALOG_COMPILER_APPICON_NAME = AppIcon;
				ASSETCATALOG_COMPILER_GLOBAL_ACCENT_COLOR_NAME = AccentColor;
				CODE_SIGN_STYLE = Automatic;
				CURRENT_PROJECT_VERSION = 2;
				DEVELOPMENT_TEAM = RKG4N9K9YM;
				GENERATE_INFOPLIST_FILE = YES;
				INFOPLIST_FILE = GundyCustom/Info.plist;
				INFOPLIST_KEY_UIApplicationSupportsIndirectInputEvents = YES;
				INFOPLIST_KEY_UILaunchStoryboardName = LaunchScreen;
				INFOPLIST_KEY_UISupportedInterfaceOrientations_iPad = "UIInterfaceOrientationPortrait UIInterfaceOrientationPortraitUpsideDown UIInterfaceOrientationLandscapeLeft UIInterfaceOrientationLandscapeRight";
				INFOPLIST_KEY_UISupportedInterfaceOrientations_iPhone = "UIInterfaceOrientationPortrait UIInterfaceOrientationLandscapeLeft UIInterfaceOrientationLandscapeRight";
				IPHONEOS_DEPLOYMENT_TARGET = 15.0;
				LD_RUNPATH_SEARCH_PATHS = (
					"$(inherited)",
					"@executable_path/Frameworks",
				);
				MARKETING_VERSION = 1.0;
				PRODUCT_BUNDLE_IDENTIFIER = com.Gundy.GundyCustom;
				PRODUCT_NAME = "$(TARGET_NAME)";
				SUPPORTED_PLATFORMS = "iphoneos iphonesimulator";
				SUPPORTS_MACCATALYST = NO;
				SUPPORTS_MAC_DESIGNED_FOR_IPHONE_IPAD = NO;
				SWIFT_EMIT_LOC_STRINGS = YES;
				SWIFT_VERSION = 5.0;
				TARGETED_DEVICE_FAMILY = 1;
			};
			name = Release;
		};
		BF5872B52ADBA87200C00F66 /* Debug */ = {
			isa = XCBuildConfiguration;
			buildSettings = {
				CODE_SIGN_STYLE = Automatic;
				CURRENT_PROJECT_VERSION = 1;
				DEVELOPMENT_TEAM = RKG4N9K9YM;
				GENERATE_INFOPLIST_FILE = YES;
				INFOPLIST_FILE = Keyboard/Info.plist;
				INFOPLIST_KEY_CFBundleDisplayName = "건디키";
				INFOPLIST_KEY_NSHumanReadableCopyright = "";
				IPHONEOS_DEPLOYMENT_TARGET = 15.0;
				LD_RUNPATH_SEARCH_PATHS = (
					"$(inherited)",
					"@executable_path/Frameworks",
					"@executable_path/../../Frameworks",
				);
				MARKETING_VERSION = 1.0;
				PRODUCT_BUNDLE_IDENTIFIER = com.Gundy.GundyCustom.Keyboard;
				PRODUCT_NAME = "$(TARGET_NAME)";
				SKIP_INSTALL = YES;
				SUPPORTED_PLATFORMS = "iphoneos iphonesimulator";
				SUPPORTS_MACCATALYST = NO;
				SUPPORTS_MAC_DESIGNED_FOR_IPHONE_IPAD = NO;
				SWIFT_EMIT_LOC_STRINGS = YES;
				SWIFT_VERSION = 5.0;
				TARGETED_DEVICE_FAMILY = 1;
			};
			name = Debug;
		};
		BF5872B62ADBA87200C00F66 /* Release */ = {
			isa = XCBuildConfiguration;
			buildSettings = {
				CODE_SIGN_STYLE = Automatic;
				CURRENT_PROJECT_VERSION = 1;
				DEVELOPMENT_TEAM = RKG4N9K9YM;
				GENERATE_INFOPLIST_FILE = YES;
				INFOPLIST_FILE = Keyboard/Info.plist;
				INFOPLIST_KEY_CFBundleDisplayName = "건디키";
				INFOPLIST_KEY_NSHumanReadableCopyright = "";
				IPHONEOS_DEPLOYMENT_TARGET = 15.0;
				LD_RUNPATH_SEARCH_PATHS = (
					"$(inherited)",
					"@executable_path/Frameworks",
					"@executable_path/../../Frameworks",
				);
				MARKETING_VERSION = 1.0;
				PRODUCT_BUNDLE_IDENTIFIER = com.Gundy.GundyCustom.Keyboard;
				PRODUCT_NAME = "$(TARGET_NAME)";
				SKIP_INSTALL = YES;
				SUPPORTED_PLATFORMS = "iphoneos iphonesimulator";
				SUPPORTS_MACCATALYST = NO;
				SUPPORTS_MAC_DESIGNED_FOR_IPHONE_IPAD = NO;
				SWIFT_EMIT_LOC_STRINGS = YES;
				SWIFT_VERSION = 5.0;
				TARGETED_DEVICE_FAMILY = 1;
			};
			name = Release;
		};
/* End XCBuildConfiguration section */

/* Begin XCConfigurationList section */
		BF58728C2ADBA7C900C00F66 /* Build configuration list for PBXProject "GundyCustom" */ = {
			isa = XCConfigurationList;
			buildConfigurations = (
				BF5872A32ADBA7CA00C00F66 /* Debug */,
				BF5872A42ADBA7CA00C00F66 /* Release */,
			);
			defaultConfigurationIsVisible = 0;
			defaultConfigurationName = Release;
		};
		BF5872A52ADBA7CA00C00F66 /* Build configuration list for PBXNativeTarget "GundyCustom" */ = {
			isa = XCConfigurationList;
			buildConfigurations = (
				BF5872A62ADBA7CA00C00F66 /* Debug */,
				BF5872A72ADBA7CA00C00F66 /* Release */,
			);
			defaultConfigurationIsVisible = 0;
			defaultConfigurationName = Release;
		};
		BF5872B42ADBA87200C00F66 /* Build configuration list for PBXNativeTarget "Keyboard" */ = {
			isa = XCConfigurationList;
			buildConfigurations = (
				BF5872B52ADBA87200C00F66 /* Debug */,
				BF5872B62ADBA87200C00F66 /* Release */,
			);
			defaultConfigurationIsVisible = 0;
			defaultConfigurationName = Release;
		};
/* End XCConfigurationList section */
	};
	rootObject = BF5872892ADBA7C900C00F66 /* Project object */;
}
